
Microsoft Visual Studio Solution File, Format Version 12.00
# Visual Studio Version 17
VisualStudioVersion = 17.14.36623.8 d17.14
MinimumVisualStudioVersion = 10.0.40219.1
Project("{FAE04EC0-301F-11D3-BF4B-00C04F79EFBC}") = "MWS", "MWS\MWS.csproj", "{6F2B9C0E-FCC1-4675-AD00-56061A66B52C}"
EndProject
Global
	GlobalSection(SolutionConfigurationPlatforms) = preSolution
		Debug|Any CPU = Debug|Any CPU
		Release|Any CPU = Release|Any CPU
	EndGlobalSection
	GlobalSection(ProjectConfigurationPlatforms) = postSolution
		{6F2B9C0E-FCC1-4675-AD00-56061A66B52C}.Debug|Any CPU.ActiveCfg = Debug|Any CPU
		{6F2B9C0E-FCC1-4675-AD00-56061A66B52C}.Debug|Any CPU.Build.0 = Debug|Any CPU
		{6F2B9C0E-FCC1-4675-AD00-56061A66B52C}.Release|Any CPU.ActiveCfg = Release|Any CPU
		{6F2B9C0E-FCC1-4675-AD00-56061A66B52C}.Release|Any CPU.Build.0 = Release|Any CPU
	EndGlobalSection
	GlobalSection(SolutionProperties) = preSolution
		HideSolutionNode = FALSE
	EndGlobalSection
	GlobalSection(ExtensibilityGlobals) = postSolution
		SolutionGuid = {4A81E2CB-EC31-4DCF-AEA4-0E9CB67FFAC4}
	EndGlobalSection
EndGlobal
